
Microsoft Visual Studio Solution File, Format Version 12.00
# Visual Studio Version 17
VisualStudioVersion = 17.14.36414.22
MinimumVisualStudioVersion = 10.0.40219.1
Project("{2150E333-8FDC-42A3-9474-1A3956D46DE8}") = "Task0", "Task0", "{02EA681E-C7D8-13C7-8484-4AC65E1B71E8}"
EndProject
Project("{FAE04EC0-301F-11D3-BF4B-00C04F79EFBC}") = "Tyuiu.MolkovIS.Sprint2.Task0.V29.Lib", "Tyuiu.MolkovIS.Sprint2.Task0.V29.Lib\Tyuiu.MolkovIS.Sprint2.Task0.V29.Lib.csproj", "{FC47D16A-AAE8-4EC9-A416-0B9AE3DBF389}"
EndProject
Project("{FAE04EC0-301F-11D3-BF4B-00C04F79EFBC}") = "Tyuiu.MolkovIS.Sprint2.Task0.V29.Test", "Tyuiu.MolkovIS.Sprint2.Task0.V29.Test\Tyuiu.MolkovIS.Sprint2.Task0.V29.Test.csproj", "{E22936C4-95E7-4C40-87BA-44F6DB070F8A}"
EndProject
Project("{FAE04EC0-301F-11D3-BF4B-00C04F79EFBC}") = "Tyuiu.MolkovIS.Sprint2.Task0.V29", "Tyuiu.MolkovIS.Sprint2.Task0.V29\Tyuiu.MolkovIS.Sprint2.Task0.V29.csproj", "{027C0245-50B4-42B3-A82C-FB13280CCF37}"
EndProject
Project("{2150E333-8FDC-42A3-9474-1A3956D46DE8}") = "Task1", "Task1", "{718E33F6-8AB9-4B0E-AE04-816A0997573F}"
EndProject
Project("{FAE04EC0-301F-11D3-BF4B-00C04F79EFBC}") = "Tyuiu.MolkovIS.Sprint2.Task1.V21", "Tyuiu.MolkovIS.Sprint2.Task1.V21\Tyuiu.MolkovIS.Sprint2.Task1.V21.csproj", "{5167FF12-9B54-434F-A6A4-973DBDEA9A84}"
EndProject
Project("{FAE04EC0-301F-11D3-BF4B-00C04F79EFBC}") = "Tyuiu.MolkovIS.Sprint2.Task1.V21.Test", "Tyuiu.MolkovIS.Sprint2.Task1.V21.Test\Tyuiu.MolkovIS.Sprint2.Task1.V21.Test.csproj", "{B0A0431A-6254-47A4-8444-370B035D3FD7}"
EndProject
Project("{FAE04EC0-301F-11D3-BF4B-00C04F79EFBC}") = "Tyuiu.MolkovIS.Sprint2.Task1.V21.Lib", "Tyuiu.MolkovIS.Sprint2.Task1.V21.Lib\Tyuiu.MolkovIS.Sprint2.Task1.V21.Lib.csproj", "{F5FE9B95-59D8-4AAC-A159-6A7598433AC8}"
EndProject
Project("{2150E333-8FDC-42A3-9474-1A3956D46DE8}") = "Task2", "Task2", "{AA6EFFE1-3DBF-4730-9035-C4505002CBEB}"
EndProject
Project("{FAE04EC0-301F-11D3-BF4B-00C04F79EFBC}") = "Tyuiu.MolkovIS.Sprint2.Task2.V1.Lib", "Tyuiu.MolkovIS.Sprint2.Task2.V1.Lib\Tyuiu.MolkovIS.Sprint2.Task2.V1.Lib.csproj", "{EAF321B7-C1CC-433F-8557-4ACF9175498E}"
EndProject
Project("{FAE04EC0-301F-11D3-BF4B-00C04F79EFBC}") = "Tyuiu.MolkovIS.Sprint2.Task2.V1.Test", "Tyuiu.MolkovIS.Sprint2.Task2.V1.Test\Tyuiu.MolkovIS.Sprint2.Task2.V1.Test.csproj", "{546ECE0E-6FEF-43EB-AB47-EF0AE8B403D8}"
EndProject
Project("{FAE04EC0-301F-11D3-BF4B-00C04F79EFBC}") = "Tyuiu.MolkovIS.Sprint2.Task2.V1", "Tyuiu.MolkovIS.Sprint2.Task2.V1\Tyuiu.MolkovIS.Sprint2.Task2.V1.csproj", "{D18A32CA-44D2-4E29-9C9B-203C17F39590}"
EndProject
Project("{2150E333-8FDC-42A3-9474-1A3956D46DE8}") = "Task3", "Task3", "{B5D7DD52-76B7-4E52-9A36-67D528DA15F8}"
EndProject
Project("{FAE04EC0-301F-11D3-BF4B-00C04F79EFBC}") = "Tyuiu.MolkovIS.Sprint2.Task3.V12", "Tyuiu.MolkovIS.Sprint2.Task3.V12\Tyuiu.MolkovIS.Sprint2.Task3.V12.csproj", "{05592EFC-CAE0-488C-91B8-E43BEE27DB7B}"
EndProject
Project("{FAE04EC0-301F-11D3-BF4B-00C04F79EFBC}") = "Tyuiu.MolkovIS.Sprint2.Task3.V12.Test", "Tyuiu.MolkovIS.Sprint2.Task3.V12.Test\Tyuiu.MolkovIS.Sprint2.Task3.V12.Test.csproj", "{8B7F16C1-54DF-4DA1-9ACB-F70E9BE1A981}"
EndProject
Project("{FAE04EC0-301F-11D3-BF4B-00C04F79EFBC}") = "Tyuiu.MolkovIS.Sprint2.Task3.V12.Lib", "Tyuiu.MolkovIS.Sprint2.Task3.V12.Lib\Tyuiu.MolkovIS.Sprint2.Task3.V12.Lib.csproj", "{44A5CA7B-76C5-4332-8AC0-B7CBC760E3B8}"
EndProject
Project("{2150E333-8FDC-42A3-9474-1A3956D46DE8}") = "Task4", "Task4", "{067E0A52-4215-4F11-AC02-AD7FC5E41512}"
EndProject
Project("{FAE04EC0-301F-11D3-BF4B-00C04F79EFBC}") = "Tyuiu.MolkovIS.Sprint2.Task4.V17.Lib", "Tyuiu.MolkovIS.Sprint2.Task4.V17.Lib\Tyuiu.MolkovIS.Sprint2.Task4.V17.Lib.csproj", "{995BBFB4-636D-4824-A11A-2C7F69E9516E}"
EndProject
Project("{FAE04EC0-301F-11D3-BF4B-00C04F79EFBC}") = "Tyuiu.MolkovIS.Sprint2.Task4.V17.Test", "Tyuiu.MolkovIS.Sprint2.Task4.V17.Test\Tyuiu.MolkovIS.Sprint2.Task4.V17.Test.csproj", "{F9A539B3-309E-4AFF-8104-916B92487C17}"
EndProject
Project("{FAE04EC0-301F-11D3-BF4B-00C04F79EFBC}") = "Tyuiu.MolkovIS.Sprint2.Task4.V17", "Tyuiu.MolkovIS.Sprint2.Task4.V17\Tyuiu.MolkovIS.Sprint2.Task4.V17.csproj", "{A3BDA001-2D9D-47B1-986C-9980351CF89E}"
EndProject
Global
	GlobalSection(SolutionConfigurationPlatforms) = preSolution
		Debug|Any CPU = Debug|Any CPU
		Release|Any CPU = Release|Any CPU
	EndGlobalSection
	GlobalSection(ProjectConfigurationPlatforms) = postSolution
		{FC47D16A-AAE8-4EC9-A416-0B9AE3DBF389}.Debug|Any CPU.ActiveCfg = Debug|Any CPU
		{FC47D16A-AAE8-4EC9-A416-0B9AE3DBF389}.Debug|Any CPU.Build.0 = Debug|Any CPU
		{FC47D16A-AAE8-4EC9-A416-0B9AE3DBF389}.Release|Any CPU.ActiveCfg = Release|Any CPU
		{FC47D16A-AAE8-4EC9-A416-0B9AE3DBF389}.Release|Any CPU.Build.0 = Release|Any CPU
		{E22936C4-95E7-4C40-87BA-44F6DB070F8A}.Debug|Any CPU.ActiveCfg = Debug|Any CPU
		{E22936C4-95E7-4C40-87BA-44F6DB070F8A}.Debug|Any CPU.Build.0 = Debug|Any CPU
		{E22936C4-95E7-4C40-87BA-44F6DB070F8A}.Release|Any CPU.ActiveCfg = Release|Any CPU
		{E22936C4-95E7-4C40-87BA-44F6DB070F8A}.Release|Any CPU.Build.0 = Release|Any CPU
		{027C0245-50B4-42B3-A82C-FB13280CCF37}.Debug|Any CPU.ActiveCfg = Debug|Any CPU
		{027C0245-50B4-42B3-A82C-FB13280CCF37}.Debug|Any CPU.Build.0 = Debug|Any CPU
		{027C0245-50B4-42B3-A82C-FB13280CCF37}.Release|Any CPU.ActiveCfg = Release|Any CPU
		{027C0245-50B4-42B3-A82C-FB13280CCF37}.Release|Any CPU.Build.0 = Release|Any CPU
		{5167FF12-9B54-434F-A6A4-973DBDEA9A84}.Debug|Any CPU.ActiveCfg = Debug|Any CPU
		{5167FF12-9B54-434F-A6A4-973DBDEA9A84}.Debug|Any CPU.Build.0 = Debug|Any CPU
		{5167FF12-9B54-434F-A6A4-973DBDEA9A84}.Release|Any CPU.ActiveCfg = Release|Any CPU
		{5167FF12-9B54-434F-A6A4-973DBDEA9A84}.Release|Any CPU.Build.0 = Release|Any CPU
		{B0A0431A-6254-47A4-8444-370B035D3FD7}.Debug|Any CPU.ActiveCfg = Debug|Any CPU
		{B0A0431A-6254-47A4-8444-370B035D3FD7}.Debug|Any CPU.Build.0 = Debug|Any CPU
		{B0A0431A-6254-47A4-8444-370B035D3FD7}.Release|Any CPU.ActiveCfg = Release|Any CPU
		{B0A0431A-6254-47A4-8444-370B035D3FD7}.Release|Any CPU.Build.0 = Release|Any CPU
		{F5FE9B95-59D8-4AAC-A159-6A7598433AC8}.Debug|Any CPU.ActiveCfg = Debug|Any CPU
		{F5FE9B95-59D8-4AAC-A159-6A7598433AC8}.Debug|Any CPU.Build.0 = Debug|Any CPU
		{F5FE9B95-59D8-4AAC-A159-6A7598433AC8}.Release|Any CPU.ActiveCfg = Release|Any CPU
		{F5FE9B95-59D8-4AAC-A159-6A7598433AC8}.Release|Any CPU.Build.0 = Release|Any CPU
		{EAF321B7-C1CC-433F-8557-4ACF9175498E}.Debug|Any CPU.ActiveCfg = Debug|Any CPU
		{EAF321B7-C1CC-433F-8557-4ACF9175498E}.Debug|Any CPU.Build.0 = Debug|Any CPU
		{EAF321B7-C1CC-433F-8557-4ACF9175498E}.Release|Any CPU.ActiveCfg = Release|Any CPU
		{EAF321B7-C1CC-433F-8557-4ACF9175498E}.Release|Any CPU.Build.0 = Release|Any CPU
		{546ECE0E-6FEF-43EB-AB47-EF0AE8B403D8}.Debug|Any CPU.ActiveCfg = Debug|Any CPU
		{546ECE0E-6FEF-43EB-AB47-EF0AE8B403D8}.Debug|Any CPU.Build.0 = Debug|Any CPU
		{546ECE0E-6FEF-43EB-AB47-EF0AE8B403D8}.Release|Any CPU.ActiveCfg = Release|Any CPU
		{546ECE0E-6FEF-43EB-AB47-EF0AE8B403D8}.Release|Any CPU.Build.0 = Release|Any CPU
		{D18A32CA-44D2-4E29-9C9B-203C17F39590}.Debug|Any CPU.ActiveCfg = Debug|Any CPU
		{D18A32CA-44D2-4E29-9C9B-203C17F39590}.Debug|Any CPU.Build.0 = Debug|Any CPU
		{D18A32CA-44D2-4E29-9C9B-203C17F39590}.Release|Any CPU.ActiveCfg = Release|Any CPU
		{D18A32CA-44D2-4E29-9C9B-203C17F39590}.Release|Any CPU.Build.0 = Release|Any CPU
		{05592EFC-CAE0-488C-91B8-E43BEE27DB7B}.Debug|Any CPU.ActiveCfg = Debug|Any CPU
		{05592EFC-CAE0-488C-91B8-E43BEE27DB7B}.Debug|Any CPU.Build.0 = Debug|Any CPU
		{05592EFC-CAE0-488C-91B8-E43BEE27DB7B}.Release|Any CPU.ActiveCfg = Release|Any CPU
		{05592EFC-CAE0-488C-91B8-E43BEE27DB7B}.Release|Any CPU.Build.0 = Release|Any CPU
		{8B7F16C1-54DF-4DA1-9ACB-F70E9BE1A981}.Debug|Any CPU.ActiveCfg = Debug|Any CPU
		{8B7F16C1-54DF-4DA1-9ACB-F70E9BE1A981}.Debug|Any CPU.Build.0 = Debug|Any CPU
		{8B7F16C1-54DF-4DA1-9ACB-F70E9BE1A981}.Release|Any CPU.ActiveCfg = Release|Any CPU
		{8B7F16C1-54DF-4DA1-9ACB-F70E9BE1A981}.Release|Any CPU.Build.0 = Release|Any CPU
		{44A5CA7B-76C5-4332-8AC0-B7CBC760E3B8}.Debug|Any CPU.ActiveCfg = Debug|Any CPU
		{44A5CA7B-76C5-4332-8AC0-B7CBC760E3B8}.Debug|Any CPU.Build.0 = Debug|Any CPU
		{44A5CA7B-76C5-4332-8AC0-B7CBC760E3B8}.Release|Any CPU.ActiveCfg = Release|Any CPU
		{44A5CA7B-76C5-4332-8AC0-B7CBC760E3B8}.Release|Any CPU.Build.0 = Release|Any CPU
		{995BBFB4-636D-4824-A11A-2C7F69E9516E}.Debug|Any CPU.ActiveCfg = Debug|Any CPU
		{995BBFB4-636D-4824-A11A-2C7F69E9516E}.Debug|Any CPU.Build.0 = Debug|Any CPU
		{995BBFB4-636D-4824-A11A-2C7F69E9516E}.Release|Any CPU.ActiveCfg = Release|Any CPU
		{995BBFB4-636D-4824-A11A-2C7F69E9516E}.Release|Any CPU.Build.0 = Release|Any CPU
		{F9A539B3-309E-4AFF-8104-916B92487C17}.Debug|Any CPU.ActiveCfg = Debug|Any CPU
		{F9A539B3-309E-4AFF-8104-916B92487C17}.Debug|Any CPU.Build.0 = Debug|Any CPU
		{F9A539B3-309E-4AFF-8104-916B92487C17}.Release|Any CPU.ActiveCfg = Release|Any CPU
		{F9A539B3-309E-4AFF-8104-916B92487C17}.Release|Any CPU.Build.0 = Release|Any CPU
		{A3BDA001-2D9D-47B1-986C-9980351CF89E}.Debug|Any CPU.ActiveCfg = Debug|Any CPU
		{A3BDA001-2D9D-47B1-986C-9980351CF89E}.Debug|Any CPU.Build.0 = Debug|Any CPU
		{A3BDA001-2D9D-47B1-986C-9980351CF89E}.Release|Any CPU.ActiveCfg = Release|Any CPU
		{A3BDA001-2D9D-47B1-986C-9980351CF89E}.Release|Any CPU.Build.0 = Release|Any CPU
	EndGlobalSection
	GlobalSection(SolutionProperties) = preSolution
		HideSolutionNode = FALSE
	EndGlobalSection
	GlobalSection(NestedProjects) = preSolution
		{FC47D16A-AAE8-4EC9-A416-0B9AE3DBF389} = {02EA681E-C7D8-13C7-8484-4AC65E1B71E8}
		{E22936C4-95E7-4C40-87BA-44F6DB070F8A} = {02EA681E-C7D8-13C7-8484-4AC65E1B71E8}
		{027C0245-50B4-42B3-A82C-FB13280CCF37} = {02EA681E-C7D8-13C7-8484-4AC65E1B71E8}
		{5167FF12-9B54-434F-A6A4-973DBDEA9A84} = {718E33F6-8AB9-4B0E-AE04-816A0997573F}
		{B0A0431A-6254-47A4-8444-370B035D3FD7} = {718E33F6-8AB9-4B0E-AE04-816A0997573F}
		{F5FE9B95-59D8-4AAC-A159-6A7598433AC8} = {718E33F6-8AB9-4B0E-AE04-816A0997573F}
		{EAF321B7-C1CC-433F-8557-4ACF9175498E} = {AA6EFFE1-3DBF-4730-9035-C4505002CBEB}
		{546ECE0E-6FEF-43EB-AB47-EF0AE8B403D8} = {AA6EFFE1-3DBF-4730-9035-C4505002CBEB}
		{D18A32CA-44D2-4E29-9C9B-203C17F39590} = {AA6EFFE1-3DBF-4730-9035-C4505002CBEB}
		{05592EFC-CAE0-488C-91B8-E43BEE27DB7B} = {B5D7DD52-76B7-4E52-9A36-67D528DA15F8}
		{8B7F16C1-54DF-4DA1-9ACB-F70E9BE1A981} = {B5D7DD52-76B7-4E52-9A36-67D528DA15F8}
		{44A5CA7B-76C5-4332-8AC0-B7CBC760E3B8} = {B5D7DD52-76B7-4E52-9A36-67D528DA15F8}
		{995BBFB4-636D-4824-A11A-2C7F69E9516E} = {067E0A52-4215-4F11-AC02-AD7FC5E41512}
		{F9A539B3-309E-4AFF-8104-916B92487C17} = {067E0A52-4215-4F11-AC02-AD7FC5E41512}
		{A3BDA001-2D9D-47B1-986C-9980351CF89E} = {067E0A52-4215-4F11-AC02-AD7FC5E41512}
	EndGlobalSection
	GlobalSection(ExtensibilityGlobals) = postSolution
		SolutionGuid = {2BF946B5-30FB-41F2-90F8-C37BB4666EB8}
	EndGlobalSection
EndGlobal
